
Microsoft Visual Studio Solution File, Format Version 12.00
# Visual Studio Version 17
VisualStudioVersion = 17.6.33815.320
MinimumVisualStudioVersion = 10.0.40219.1
Project("{FAE04EC0-301F-11D3-BF4B-00C04F79EFBC}") = "AiBi.Test.Web", "AiBi.Web\AiBi.Test.Web.csproj", "{83A8E0F3-4349-455F-AA8C-F4135DCB0402}"
EndProject
Project("{FAE04EC0-301F-11D3-BF4B-00C04F79EFBC}") = "AiBi.Test.Dal", "AiBi.Test.Dal\AiBi.Test.Dal.csproj", "{1992EDA9-F4AE-43EE-BF3F-320F87DD9BE0}"
EndProject
Project("{FAE04EC0-301F-11D3-BF4B-00C04F79EFBC}") = "AiBi.Test.Common", "AiBi.Test.Common\AiBi.Test.Common.csproj", "{1E311578-F57A-4ADE-9B33-6FC1D103CC40}"
EndProject
Project("{FAE04EC0-301F-11D3-BF4B-00C04F79EFBC}") = "AiBi.Test.Bll", "AiBi.Test.Bll\AiBi.Test.Bll.csproj", "{33C2ACEC-17C0-41CD-B305-26FA8026555A}"
EndProject
Global
	GlobalSection(SolutionConfigurationPlatforms) = preSolution
		Debug|Any CPU = Debug|Any CPU
		Release|Any CPU = Release|Any CPU
	EndGlobalSection
	GlobalSection(ProjectConfigurationPlatforms) = postSolution
		{83A8E0F3-4349-455F-AA8C-F4135DCB0402}.Debug|Any CPU.ActiveCfg = Debug|Any CPU
		{83A8E0F3-4349-455F-AA8C-F4135DCB0402}.Debug|Any CPU.Build.0 = Debug|Any CPU
		{83A8E0F3-4349-455F-AA8C-F4135DCB0402}.Release|Any CPU.ActiveCfg = Release|Any CPU
		{83A8E0F3-4349-455F-AA8C-F4135DCB0402}.Release|Any CPU.Build.0 = Release|Any CPU
		{1992EDA9-F4AE-43EE-BF3F-320F87DD9BE0}.Debug|Any CPU.ActiveCfg = Debug|Any CPU
		{1992EDA9-F4AE-43EE-BF3F-320F87DD9BE0}.Debug|Any CPU.Build.0 = Debug|Any CPU
		{1992EDA9-F4AE-43EE-BF3F-320F87DD9BE0}.Release|Any CPU.ActiveCfg = Release|Any CPU
		{1992EDA9-F4AE-43EE-BF3F-320F87DD9BE0}.Release|Any CPU.Build.0 = Release|Any CPU
		{1E311578-F57A-4ADE-9B33-6FC1D103CC40}.Debug|Any CPU.ActiveCfg = Debug|Any CPU
		{1E311578-F57A-4ADE-9B33-6FC1D103CC40}.Debug|Any CPU.Build.0 = Debug|Any CPU
		{1E311578-F57A-4ADE-9B33-6FC1D103CC40}.Release|Any CPU.ActiveCfg = Release|Any CPU
		{1E311578-F57A-4ADE-9B33-6FC1D103CC40}.Release|Any CPU.Build.0 = Release|Any CPU
		{33C2ACEC-17C0-41CD-B305-26FA8026555A}.Debug|Any CPU.ActiveCfg = Debug|Any CPU
		{33C2ACEC-17C0-41CD-B305-26FA8026555A}.Debug|Any CPU.Build.0 = Debug|Any CPU
		{33C2ACEC-17C0-41CD-B305-26FA8026555A}.Release|Any CPU.ActiveCfg = Release|Any CPU
		{33C2ACEC-17C0-41CD-B305-26FA8026555A}.Release|Any CPU.Build.0 = Release|Any CPU
	EndGlobalSection
	GlobalSection(SolutionProperties) = preSolution
		HideSolutionNode = FALSE
	EndGlobalSection
	GlobalSection(ExtensibilityGlobals) = postSolution
		SolutionGuid = {0936F601-8816-4AAA-B01C-178B7C613BE1}
	EndGlobalSection
EndGlobal
